{
  "lockfileVersion": 1,
  "dependencies": {
    "materialize-autocomplete": {
      "version": "1.0.7",
      "resolved": "https://registry.npmjs.org/materialize-autocomplete/-/materialize-autocomplete-1.0.7.tgz",
      "integrity": "sha1-bFs0Tn+b8reQsI/vrLrG4iksiaQ="
    },
    "moment": {
      "version": "2.18.0",
      "resolved": "https://registry.npmjs.org/moment/-/moment-2.18.0.tgz",
      "integrity": "sha1-bP7GpJXsqRXQJgCmcCDtmUk3JSw="
    }
  }
}
