{
  "lockfileVersion": 1,
  "dependencies": {
    "materialize-autocomplete-meteor-autoform": {
      "version": "2.0.1",
      "resolved": "https://registry.npmjs.org/materialize-autocomplete-meteor-autoform/-/materialize-autocomplete-meteor-autoform-2.0.1.tgz",
      "integrity": "sha1-KAqvISMvtNJPEfnQkl5ZFmb0Woc="
    },
    "moment": {
      "version": "2.18.0",
      "resolved": "https://registry.npmjs.org/moment/-/moment-2.18.0.tgz",
      "integrity": "sha1-bP7GpJXsqRXQJgCmcCDtmUk3JSw="
    }
  }
}
